
Microsoft Visual Studio Solution File, Format Version 12.00
# Visual Studio Version 16
VisualStudioVersion = 16.0.29911.84
MinimumVisualStudioVersion = 10.0.40219.1
Project("{FAE04EC0-301F-11D3-BF4B-00C04F79EFBC}") = "URole", "URole.csproj", "{3C3B4EB5-D5FF-4D8D-ACD1-4B08A3712846}"
EndProject
Global
	GlobalSection(SolutionConfigurationPlatforms) = preSolution
		Debug|Any CPU = Debug|Any CPU
		Release|Any CPU = Release|Any CPU
	EndGlobalSection
	GlobalSection(ProjectConfigurationPlatforms) = postSolution
		{3C3B4EB5-D5FF-4D8D-ACD1-4B08A3712846}.Debug|Any CPU.ActiveCfg = Debug|Any CPU
		{3C3B4EB5-D5FF-4D8D-ACD1-4B08A3712846}.Debug|Any CPU.Build.0 = Debug|Any CPU
		{3C3B4EB5-D5FF-4D8D-ACD1-4B08A3712846}.Release|Any CPU.ActiveCfg = Release|Any CPU
		{3C3B4EB5-D5FF-4D8D-ACD1-4B08A3712846}.Release|Any CPU.Build.0 = Release|Any CPU
	EndGlobalSection
	GlobalSection(SolutionProperties) = preSolution
		HideSolutionNode = FALSE
	EndGlobalSection
	GlobalSection(ExtensibilityGlobals) = postSolution
		SolutionGuid = {816B7A2E-E135-4F97-8930-09878D3EF01E}
	EndGlobalSection
EndGlobal
